{
    "_meta": {
        "hash": {
            "sha256": "f71d4a8709341d23239d2d69ec681dd63dc4c04954cad824fc6f656a22e396fa"
        },
        "pipfile-spec": 6,
        "requires": {
            "python_version": "3.6.5"
        },
        "sources": [
            {
                "name": "pypi",
                "url": "https://pypi.org/simple",
                "verify_ssl": true
            }
        ]
    },
    "default": {
        "apscheduler": {
            "hashes": [
                "sha256:6599bc78901ee7e9be85cbd073d9cc155c42d2bc867c5cde4d4d1cc339ebfbeb",
                "sha256:a8fe0c82d1c21bcf4a1b0e00aa35709f1f63fdd36446e406fa56cc0d51d3acc6"
            ],
            "index": "pypi",
            "version": "==3.5.3"
        },
        "asyncio": {
            "hashes": [
                "sha256:83360ff8bc97980e4ff25c964c7bd3923d333d177aa4f7fb736b019f26c7cb41",
                "sha256:b62c9157d36187eca799c378e572c969f0da87cd5fc42ca372d92cdb06e7e1de",
                "sha256:c46a87b48213d7464f22d9a497b9eef8c1928b68320a2fa94240f969f6fec08c",
                "sha256:c4d18b22701821de07bd6aea8b53d21449ec0ec5680645e5317062ea21817d2d"
            ],
            "index": "pypi",
            "version": "==3.4.3"
        },
        "certifi": {
            "hashes": [
                "sha256:339dc09518b07e2fa7eda5450740925974815557727d6bd35d319c1524a04a4c",
                "sha256:6d58c986d22b038c8c0df30d639f23a3e6d172a05c3583e766f4c0b785c0986a"
            ],
            "version": "==2018.10.15"
        },
        "chardet": {
            "hashes": [
                "sha256:84ab92ed1c4d4f16916e05906b6b75a6c0fb5db821cc65e70cbd64a3e2a5eaae",
                "sha256:fc323ffcaeaed0e0a02bf4d117757b98aed530d9ed4531e3e15460124c106691"
            ],
            "version": "==3.0.4"
        },
        "click": {
            "hashes": [
                "sha256:2335065e6395b9e67ca716de5f7526736bfa6ceead690adf616d925bdc622b13",
                "sha256:5b94b49521f6456670fdb30cd82a4eca9412788a93fa6dd6df72c94d5a8ff2d7"
            ],
            "index": "pypi",
            "version": "==7.0"
        },
        "idna": {
            "hashes": [
                "sha256:156a6814fb5ac1fc6850fb002e0852d56c0c8d2531923a51032d1b70760e186e",
                "sha256:684a38a6f903c1d71d6d5fac066b58d7768af4de2b832e426ec79c30daa94a16"
            ],
            "version": "==2.7"
        },
        "prometheus-client": {
            "hashes": [
                "sha256:046cb4fffe75e55ff0e6dfd18e2ea16e54d86cc330f369bebcc683475c8b68a9"
            ],
            "index": "pypi",
            "version": "==0.4.2"
        },
        "pytz": {
            "hashes": [
                "sha256:31cb35c89bd7d333cd32c5f278fca91b523b0834369e757f4c5641ea252236ca",
                "sha256:8e0f8568c118d3077b46be7d654cc8167fa916092e28320cde048e54bfc9f1e6"
            ],
            "version": "==2018.7"
        },
        "requests": {
            "hashes": [
                "sha256:99dcfdaaeb17caf6e526f32b6a7b780461512ab3f1d992187801694cba42770c",
                "sha256:a84b8c9ab6239b578f22d1c21d51b696dcfe004032bb80ea832398d6909d7279"
            ],
            "index": "pypi",
            "version": "==2.20.0"
        },
        "six": {
            "hashes": [
                "sha256:70e8a77beed4562e7f14fe23a786b54f6296e34344c23bc42f07b15018ff98e9",
                "sha256:832dc0e10feb1aa2c68dcc57dbb658f1c7e65b9b61af69048abc87a2db00a0eb"
            ],
            "version": "==1.11.0"
        },
        "tzlocal": {
            "hashes": [
                "sha256:27d58a0958dc884d208cdaf45ef5892bf2a57d21d9611f2ac45e51f1973e8cab",
                "sha256:f124f198e5d86b3538b140883472beaa82d2c0efc0cd9694dfdbe39079e22e69"
            ],
            "version": "==2.0.0b1"
        },
        "urllib3": {
            "hashes": [
                "sha256:41c3db2fc01e5b907288010dec72f9d0a74e37d6994e6eb56849f59fea2265ae",
                "sha256:8819bba37a02d143296a4d032373c4dd4aca11f6d4c9973335ca75f9c8475f59"
            ],
            "version": "==1.24"
        },
        "voluptuous": {
            "hashes": [
                "sha256:303542b3fc07fb52ec3d7a1c614b329cdbee13a9d681935353d8ea56a7bfa9f1",
                "sha256:567a56286ef82a9d7ae0628c5842f65f516abcb496e74f3f59f1d7b28df314ef"
            ],
            "index": "pypi",
            "version": "==0.11.5"
        }
    },
    "develop": {
        "appdirs": {
            "hashes": [
                "sha256:9e5896d1372858f8dd3344faf4e5014d21849c756c8d5701f78f8a103b372d92",
                "sha256:d8b24664561d0d34ddfaec54636d502d7cea6e29c3eaf68f3df6180863e2166e"
            ],
            "version": "==1.4.3"
        },
        "attrs": {
            "hashes": [
                "sha256:10cbf6e27dbce8c30807caf056c8eb50917e0eaafe86347671b57254006c3e69",
                "sha256:ca4be454458f9dec299268d472aaa5a11f67a4ff70093396e1ceae9c76cf4bbb"
            ],
            "version": "==18.2.0"
        },
        "black": {
            "hashes": [
                "sha256:817243426042db1d36617910df579a54f1afd659adb96fc5032fcf4b36209739",
                "sha256:e030a9a28f542debc08acceb273f228ac422798e5215ba2a791a6ddeaaca22a5"
            ],
            "index": "pypi",
            "version": "==18.9b0"
        },
        "click": {
            "hashes": [
                "sha256:2335065e6395b9e67ca716de5f7526736bfa6ceead690adf616d925bdc622b13",
                "sha256:5b94b49521f6456670fdb30cd82a4eca9412788a93fa6dd6df72c94d5a8ff2d7"
            ],
            "index": "pypi",
            "version": "==7.0"
        },
        "toml": {
            "hashes": [
                "sha256:229f81c57791a41d65e399fc06bf0848bab550a9dfd5ed66df18ce5f05e73d5c",
                "sha256:235682dd292d5899d361a811df37e04a8828a5b1da3115886b73cf81ebc9100e"
            ],
            "version": "==0.10.0"
        }
    }
}
